
Microsoft Visual Studio Solution File, Format Version 12.00
# Visual Studio Version 16
VisualStudioVersion = 16.0.30523.141
MinimumVisualStudioVersion = 10.0.40219.1
Project("{FAE04EC0-301F-11D3-BF4B-00C04F79EFBC}") = "Bridge", "Bridge.csproj", "{35C23BB7-7EE3-4703-A6F1-BA324E207282}"
EndProject
Global
	GlobalSection(SolutionConfigurationPlatforms) = preSolution
		Debug|Any CPU = Debug|Any CPU
		Release|Any CPU = Release|Any CPU
	EndGlobalSection
	GlobalSection(ProjectConfigurationPlatforms) = postSolution
		{35C23BB7-7EE3-4703-A6F1-BA324E207282}.Debug|Any CPU.ActiveCfg = Debug|Any CPU
		{35C23BB7-7EE3-4703-A6F1-BA324E207282}.Debug|Any CPU.Build.0 = Debug|Any CPU
		{35C23BB7-7EE3-4703-A6F1-BA324E207282}.Release|Any CPU.ActiveCfg = Release|Any CPU
		{35C23BB7-7EE3-4703-A6F1-BA324E207282}.Release|Any CPU.Build.0 = Release|Any CPU
	EndGlobalSection
	GlobalSection(SolutionProperties) = preSolution
		HideSolutionNode = FALSE
	EndGlobalSection
	GlobalSection(ExtensibilityGlobals) = postSolution
		SolutionGuid = {01FF93A4-28C3-4B4D-9D89-B4AF15A7BE91}
	EndGlobalSection
EndGlobal
